
Microsoft Visual Studio Solution File, Format Version 12.00
# Visual Studio 2015
Project("{FAE04EC0-301F-11D3-BF4B-00C04F79EFBC}") = "ProjectMorpheus.CSharp", "ProjectMorpheus.CSharp.csproj", "{BDA06963-F063-A096-E5D8-A787B9D4D061}"
EndProject
Project("{FAE04EC0-301F-11D3-BF4B-00C04F79EFBC}") = "ProjectMorpheus.CSharp.Editor", "ProjectMorpheus.CSharp.Editor.csproj", "{D5BFFB1F-A024-21BD-419F-0874BB030991}"
EndProject
Global
	GlobalSection(SolutionConfigurationPlatforms) = preSolution
		Debug|Any CPU = Debug|Any CPU
		Release|Any CPU = Release|Any CPU
	EndGlobalSection
	GlobalSection(ProjectConfigurationPlatforms) = postSolution
		{BDA06963-F063-A096-E5D8-A787B9D4D061}.Debug|Any CPU.ActiveCfg = Debug|Any CPU
		{BDA06963-F063-A096-E5D8-A787B9D4D061}.Debug|Any CPU.Build.0 = Debug|Any CPU
		{BDA06963-F063-A096-E5D8-A787B9D4D061}.Release|Any CPU.ActiveCfg = Release|Any CPU
		{BDA06963-F063-A096-E5D8-A787B9D4D061}.Release|Any CPU.Build.0 = Release|Any CPU
		{D5BFFB1F-A024-21BD-419F-0874BB030991}.Debug|Any CPU.ActiveCfg = Debug|Any CPU
		{D5BFFB1F-A024-21BD-419F-0874BB030991}.Debug|Any CPU.Build.0 = Debug|Any CPU
		{D5BFFB1F-A024-21BD-419F-0874BB030991}.Release|Any CPU.ActiveCfg = Release|Any CPU
		{D5BFFB1F-A024-21BD-419F-0874BB030991}.Release|Any CPU.Build.0 = Release|Any CPU
	EndGlobalSection
	GlobalSection(SolutionProperties) = preSolution
		HideSolutionNode = FALSE
	EndGlobalSection
EndGlobal
